
Microsoft Visual Studio Solution File, Format Version 12.00
# Visual Studio Version 17
VisualStudioVersion = 17.14.36623.8 d17.14
MinimumVisualStudioVersion = 10.0.40219.1
Project("{FAE04EC0-301F-11D3-BF4B-00C04F79EFBC}") = "ArrayUebung1", "ArrayUebung1\ArrayUebung1.csproj", "{61FDB49A-DF77-4F60-B40C-2F7A46B1CD71}"
EndProject
Global
	GlobalSection(SolutionConfigurationPlatforms) = preSolution
		Debug|Any CPU = Debug|Any CPU
		Release|Any CPU = Release|Any CPU
	EndGlobalSection
	GlobalSection(ProjectConfigurationPlatforms) = postSolution
		{61FDB49A-DF77-4F60-B40C-2F7A46B1CD71}.Debug|Any CPU.ActiveCfg = Debug|Any CPU
		{61FDB49A-DF77-4F60-B40C-2F7A46B1CD71}.Debug|Any CPU.Build.0 = Debug|Any CPU
		{61FDB49A-DF77-4F60-B40C-2F7A46B1CD71}.Release|Any CPU.ActiveCfg = Release|Any CPU
		{61FDB49A-DF77-4F60-B40C-2F7A46B1CD71}.Release|Any CPU.Build.0 = Release|Any CPU
	EndGlobalSection
	GlobalSection(SolutionProperties) = preSolution
		HideSolutionNode = FALSE
	EndGlobalSection
	GlobalSection(ExtensibilityGlobals) = postSolution
		SolutionGuid = {E341C357-4BF0-4ACF-BBB9-0DA3FF83C31F}
	EndGlobalSection
EndGlobal
